
Microsoft Visual Studio Solution File, Format Version 12.00
# Visual Studio Version 17
VisualStudioVersion = 17.14.36414.22 d17.14
MinimumVisualStudioVersion = 10.0.40219.1
Project("{FAE04EC0-301F-11D3-BF4B-00C04F79EFBC}") = "DevBlog.Api", "src\DevBlog.Api\DevBlog.Api.csproj", "{93C78617-22D5-4CB3-B830-7AE5AE470076}"
EndProject
Project("{FAE04EC0-301F-11D3-BF4B-00C04F79EFBC}") = "DevBlog.Core", "src\DevBlog.Core\DevBlog.Core.csproj", "{5C6CC2C5-25D5-41D7-AFEE-838180FCCB51}"
EndProject
Project("{FAE04EC0-301F-11D3-BF4B-00C04F79EFBC}") = "DevBlog.WebApp", "src\DevBlog.WebApp\DevBlog.WebApp.csproj", "{F9FB7B32-7641-4166-9CC4-FD4BB7936F00}"
EndProject
Global
	GlobalSection(SolutionConfigurationPlatforms) = preSolution
		Debug|Any CPU = Debug|Any CPU
		Release|Any CPU = Release|Any CPU
	EndGlobalSection
	GlobalSection(ProjectConfigurationPlatforms) = postSolution
		{93C78617-22D5-4CB3-B830-7AE5AE470076}.Debug|Any CPU.ActiveCfg = Debug|Any CPU
		{93C78617-22D5-4CB3-B830-7AE5AE470076}.Debug|Any CPU.Build.0 = Debug|Any CPU
		{93C78617-22D5-4CB3-B830-7AE5AE470076}.Release|Any CPU.ActiveCfg = Release|Any CPU
		{93C78617-22D5-4CB3-B830-7AE5AE470076}.Release|Any CPU.Build.0 = Release|Any CPU
		{5C6CC2C5-25D5-41D7-AFEE-838180FCCB51}.Debug|Any CPU.ActiveCfg = Debug|Any CPU
		{5C6CC2C5-25D5-41D7-AFEE-838180FCCB51}.Debug|Any CPU.Build.0 = Debug|Any CPU
		{5C6CC2C5-25D5-41D7-AFEE-838180FCCB51}.Release|Any CPU.ActiveCfg = Release|Any CPU
		{5C6CC2C5-25D5-41D7-AFEE-838180FCCB51}.Release|Any CPU.Build.0 = Release|Any CPU
		{F9FB7B32-7641-4166-9CC4-FD4BB7936F00}.Debug|Any CPU.ActiveCfg = Debug|Any CPU
		{F9FB7B32-7641-4166-9CC4-FD4BB7936F00}.Debug|Any CPU.Build.0 = Debug|Any CPU
		{F9FB7B32-7641-4166-9CC4-FD4BB7936F00}.Release|Any CPU.ActiveCfg = Release|Any CPU
		{F9FB7B32-7641-4166-9CC4-FD4BB7936F00}.Release|Any CPU.Build.0 = Release|Any CPU
	EndGlobalSection
	GlobalSection(SolutionProperties) = preSolution
		HideSolutionNode = FALSE
	EndGlobalSection
	GlobalSection(ExtensibilityGlobals) = postSolution
		SolutionGuid = {5FE2582C-187A-4273-A8CD-B520348A13C0}
	EndGlobalSection
EndGlobal
